
Microsoft Visual Studio Solution File, Format Version 12.00
# Visual Studio 15
VisualStudioVersion = 15.0.26730.16
MinimumVisualStudioVersion = 10.0.40219.1
Project("{FAE04EC0-301F-11D3-BF4B-00C04F79EFBC}") = "sql2csv", "sql2csv\sql2csv.csproj", "{D1A56137-61D1-4E06-A695-22E24D57DF87}"
EndProject
Project("{2150E333-8FDC-42A3-9474-1A3956D46DE8}") = "Solution Items", "Solution Items", "{E47104DC-5B45-41C6-BCDE-C15604D7B703}"
	ProjectSection(SolutionItems) = preProject
		README.md = README.md
	EndProjectSection
EndProject
Global
	GlobalSection(SolutionConfigurationPlatforms) = preSolution
		Debug|Any CPU = Debug|Any CPU
		Release|Any CPU = Release|Any CPU
	EndGlobalSection
	GlobalSection(ProjectConfigurationPlatforms) = postSolution
		{D1A56137-61D1-4E06-A695-22E24D57DF87}.Debug|Any CPU.ActiveCfg = Debug|Any CPU
		{D1A56137-61D1-4E06-A695-22E24D57DF87}.Debug|Any CPU.Build.0 = Debug|Any CPU
		{D1A56137-61D1-4E06-A695-22E24D57DF87}.Release|Any CPU.ActiveCfg = Release|Any CPU
		{D1A56137-61D1-4E06-A695-22E24D57DF87}.Release|Any CPU.Build.0 = Release|Any CPU
	EndGlobalSection
	GlobalSection(SolutionProperties) = preSolution
		HideSolutionNode = FALSE
	EndGlobalSection
	GlobalSection(ExtensibilityGlobals) = postSolution
		SolutionGuid = {AA9EE62B-C5B2-4942-B2BA-47955A8BCD2E}
	EndGlobalSection
EndGlobal
